
Microsoft Visual Studio Solution File, Format Version 12.00
# Visual Studio Version 16
VisualStudioVersion = 16.0.30204.135
MinimumVisualStudioVersion = 10.0.40219.1
Project("{FAE04EC0-301F-11D3-BF4B-00C04F79EFBC}") = "DepartmentTree", "DepartmentTree\DepartmentTree.csproj", "{04B40230-749B-42E2-85E1-11D083DA3757}"
EndProject
Project("{FAE04EC0-301F-11D3-BF4B-00C04F79EFBC}") = "DepartmentLogic", "DepartmentLogic\DepartmentLogic.csproj", "{2F628E84-C65C-4361-9C7D-E6302456831F}"
EndProject
Project("{FAE04EC0-301F-11D3-BF4B-00C04F79EFBC}") = "DepartmentData", "DepartmentData\DepartmentData.csproj", "{FBA3835E-35B2-427A-8E06-1F979C6F1576}"
EndProject
Global
	GlobalSection(SolutionConfigurationPlatforms) = preSolution
		Debug|Any CPU = Debug|Any CPU
		Release|Any CPU = Release|Any CPU
	EndGlobalSection
	GlobalSection(ProjectConfigurationPlatforms) = postSolution
		{04B40230-749B-42E2-85E1-11D083DA3757}.Debug|Any CPU.ActiveCfg = Debug|Any CPU
		{04B40230-749B-42E2-85E1-11D083DA3757}.Debug|Any CPU.Build.0 = Debug|Any CPU
		{04B40230-749B-42E2-85E1-11D083DA3757}.Release|Any CPU.ActiveCfg = Release|Any CPU
		{04B40230-749B-42E2-85E1-11D083DA3757}.Release|Any CPU.Build.0 = Release|Any CPU
		{2F628E84-C65C-4361-9C7D-E6302456831F}.Debug|Any CPU.ActiveCfg = Debug|Any CPU
		{2F628E84-C65C-4361-9C7D-E6302456831F}.Debug|Any CPU.Build.0 = Debug|Any CPU
		{2F628E84-C65C-4361-9C7D-E6302456831F}.Release|Any CPU.ActiveCfg = Release|Any CPU
		{2F628E84-C65C-4361-9C7D-E6302456831F}.Release|Any CPU.Build.0 = Release|Any CPU
		{FBA3835E-35B2-427A-8E06-1F979C6F1576}.Debug|Any CPU.ActiveCfg = Debug|Any CPU
		{FBA3835E-35B2-427A-8E06-1F979C6F1576}.Debug|Any CPU.Build.0 = Debug|Any CPU
		{FBA3835E-35B2-427A-8E06-1F979C6F1576}.Release|Any CPU.ActiveCfg = Release|Any CPU
		{FBA3835E-35B2-427A-8E06-1F979C6F1576}.Release|Any CPU.Build.0 = Release|Any CPU
	EndGlobalSection
	GlobalSection(SolutionProperties) = preSolution
		HideSolutionNode = FALSE
	EndGlobalSection
	GlobalSection(ExtensibilityGlobals) = postSolution
		SolutionGuid = {68D11736-D7F3-4403-8311-1C5A4204492C}
	EndGlobalSection
EndGlobal
